
Microsoft Visual Studio Solution File, Format Version 12.00
# Visual Studio Version 16
VisualStudioVersion = 16.0.31410.357
MinimumVisualStudioVersion = 10.0.40219.1
Project("{FAE04EC0-301F-11D3-BF4B-00C04F79EFBC}") = "HomeWork1", "HomeWork1\HomeWork1.csproj", "{97EE8319-DF9C-476A-AAF9-711918274CAD}"
EndProject
Global
	GlobalSection(SolutionConfigurationPlatforms) = preSolution
		Debug|Any CPU = Debug|Any CPU
		Release|Any CPU = Release|Any CPU
	EndGlobalSection
	GlobalSection(ProjectConfigurationPlatforms) = postSolution
		{97EE8319-DF9C-476A-AAF9-711918274CAD}.Debug|Any CPU.ActiveCfg = Debug|Any CPU
		{97EE8319-DF9C-476A-AAF9-711918274CAD}.Debug|Any CPU.Build.0 = Debug|Any CPU
		{97EE8319-DF9C-476A-AAF9-711918274CAD}.Release|Any CPU.ActiveCfg = Release|Any CPU
		{97EE8319-DF9C-476A-AAF9-711918274CAD}.Release|Any CPU.Build.0 = Release|Any CPU
	EndGlobalSection
	GlobalSection(SolutionProperties) = preSolution
		HideSolutionNode = FALSE
	EndGlobalSection
	GlobalSection(ExtensibilityGlobals) = postSolution
		SolutionGuid = {26AFF573-E933-4C1F-B391-0EF7EE90511E}
	EndGlobalSection
EndGlobal
